
Microsoft Visual Studio Solution File, Format Version 11.00
# Visual Studio 2010
Project("{FAE04EC0-301F-11D3-BF4B-00C04F79EFBC}") = "Assembly-CSharp", "Assembly-CSharp.csproj", "{9C512088-2CBE-FAE9-1950-1BEEF4D2EDF2}"
EndProject
Project("{FAE04EC0-301F-11D3-BF4B-00C04F79EFBC}") = "NavMeshComponents", "NavMeshComponents.csproj", "{B70CD7E4-DC69-8A75-3C91-D7094F7540D8}"
EndProject
Project("{FAE04EC0-301F-11D3-BF4B-00C04F79EFBC}") = "NavMeshComponentsEditor", "NavMeshComponentsEditor.csproj", "{31969DE8-60BB-DF75-573E-49069AB05D7B}"
EndProject
Global
	GlobalSection(SolutionConfigurationPlatforms) = preSolution
		Debug|Any CPU = Debug|Any CPU
		Release|Any CPU = Release|Any CPU
	EndGlobalSection
	GlobalSection(ProjectConfigurationPlatforms) = postSolution
		{9C512088-2CBE-FAE9-1950-1BEEF4D2EDF2}.Debug|Any CPU.ActiveCfg = Debug|Any CPU
		{9C512088-2CBE-FAE9-1950-1BEEF4D2EDF2}.Debug|Any CPU.Build.0 = Debug|Any CPU
		{9C512088-2CBE-FAE9-1950-1BEEF4D2EDF2}.Release|Any CPU.ActiveCfg = Release|Any CPU
		{9C512088-2CBE-FAE9-1950-1BEEF4D2EDF2}.Release|Any CPU.Build.0 = Release|Any CPU
		{B70CD7E4-DC69-8A75-3C91-D7094F7540D8}.Debug|Any CPU.ActiveCfg = Debug|Any CPU
		{B70CD7E4-DC69-8A75-3C91-D7094F7540D8}.Debug|Any CPU.Build.0 = Debug|Any CPU
		{B70CD7E4-DC69-8A75-3C91-D7094F7540D8}.Release|Any CPU.ActiveCfg = Release|Any CPU
		{B70CD7E4-DC69-8A75-3C91-D7094F7540D8}.Release|Any CPU.Build.0 = Release|Any CPU
		{31969DE8-60BB-DF75-573E-49069AB05D7B}.Debug|Any CPU.ActiveCfg = Debug|Any CPU
		{31969DE8-60BB-DF75-573E-49069AB05D7B}.Debug|Any CPU.Build.0 = Debug|Any CPU
		{31969DE8-60BB-DF75-573E-49069AB05D7B}.Release|Any CPU.ActiveCfg = Release|Any CPU
		{31969DE8-60BB-DF75-573E-49069AB05D7B}.Release|Any CPU.Build.0 = Release|Any CPU
	EndGlobalSection
	GlobalSection(SolutionProperties) = preSolution
		HideSolutionNode = FALSE
	EndGlobalSection
	GlobalSection(MonoDevelopProperties) = preSolution
		StartupItem = Assembly-CSharp.csproj
	EndGlobalSection
EndGlobal
